// !$*UTF8*$!
{
	archiveVersion = 1;
	classes = {
	};
	objectVersion = 56;
	objects = {

/* Begin PBXBuildFile section */
		AF70E8942AB1C6830066F8DC /* PostsApp.swift in Sources */ = {isa = PBXBuildFile; fileRef = AF70E8932AB1C6830066F8DC /* PostsApp.swift */; };
		AF70E8982AB1C6840066F8DC /* Assets.xcassets in Resources */ = {isa = PBXBuildFile; fileRef = AF70E8972AB1C6840066F8DC /* Assets.xcassets */; };
		AF70E89C2AB1C6840066F8DC /* Preview Assets.xcassets in Resources */ = {isa = PBXBuildFile; fileRef = AF70E89B2AB1C6840066F8DC /* Preview Assets.xcassets */; };
		AF70E8A42AB1F35D0066F8DC /* TweetTimeline.swift in Sources */ = {isa = PBXBuildFile; fileRef = AF70E8A32AB1F35D0066F8DC /* TweetTimeline.swift */; };
		AF70E8A62AB1F3960066F8DC /* TweetDetails.swift in Sources */ = {isa = PBXBuildFile; fileRef = AF70E8A52AB1F3960066F8DC /* TweetDetails.swift */; };
		AF70E8AA2AB2DCB70066F8DC /* GoogleService-Info.plist in Resources */ = {isa = PBXBuildFile; fileRef = AF70E8A92AB2DCB70066F8DC /* GoogleService-Info.plist */; };
		AF70E8AD2AB2DEA00066F8DC /* FirebaseAnalytics in Frameworks */ = {isa = PBXBuildFile; productRef = AF70E8AC2AB2DEA00066F8DC /* FirebaseAnalytics */; };
		AF70E8AF2AB2DEA00066F8DC /* FirebaseAnalyticsSwift in Frameworks */ = {isa = PBXBuildFile; productRef = AF70E8AE2AB2DEA00066F8DC /* FirebaseAnalyticsSwift */; };
		AF70E8B12AB2DEA00066F8DC /* FirebaseAuth in Frameworks */ = {isa = PBXBuildFile; productRef = AF70E8B02AB2DEA00066F8DC /* FirebaseAuth */; };
		AF70E8B32AB2DEA00066F8DC /* FirebaseDatabase in Frameworks */ = {isa = PBXBuildFile; productRef = AF70E8B22AB2DEA00066F8DC /* FirebaseDatabase */; };
		AF70E8B52AB2DEA00066F8DC /* FirebaseDatabaseSwift in Frameworks */ = {isa = PBXBuildFile; productRef = AF70E8B42AB2DEA00066F8DC /* FirebaseDatabaseSwift */; };
		AFA0A5172ABD8686005FD026 /* Kingfisher in Frameworks */ = {isa = PBXBuildFile; productRef = AFA0A5162ABD8686005FD026 /* Kingfisher */; };
		AFA0A5192ABD966F005FD026 /* StorageService.swift in Sources */ = {isa = PBXBuildFile; fileRef = AFA0A5182ABD966F005FD026 /* StorageService.swift */; };
		AFA0A51B2ABD986A005FD026 /* FirebaseStorage in Frameworks */ = {isa = PBXBuildFile; productRef = AFA0A51A2ABD986A005FD026 /* FirebaseStorage */; };
		AFD654432AC174AA00AF8EC0 /* TweetCreateNew.swift in Sources */ = {isa = PBXBuildFile; fileRef = AFD654422AC174AA00AF8EC0 /* TweetCreateNew.swift */; };
		AFE7858F2ABDA6A800736F18 /* StorageViewModel.swift in Sources */ = {isa = PBXBuildFile; fileRef = AFE7858E2ABDA6A800736F18 /* StorageViewModel.swift */; };
		AFEE47B92AC1A21D000C1B9D /* ContentView.swift in Sources */ = {isa = PBXBuildFile; fileRef = AFEE47B82AC1A21D000C1B9D /* ContentView.swift */; };
		AFEE47BC2AC1A28D000C1B9D /* LoginPageView.swift in Sources */ = {isa = PBXBuildFile; fileRef = AFEE47BB2AC1A28D000C1B9D /* LoginPageView.swift */; };
		AFEE47BE2AC1A2F5000C1B9D /* MainPageView.swift in Sources */ = {isa = PBXBuildFile; fileRef = AFEE47BD2AC1A2F5000C1B9D /* MainPageView.swift */; };
		AFEE47C02AC1A3BC000C1B9D /* ProvideDetailsView.swift in Sources */ = {isa = PBXBuildFile; fileRef = AFEE47BF2AC1A3BC000C1B9D /* ProvideDetailsView.swift */; };
		AFEE47C32AC1A650000C1B9D /* MainScreenViewDebugButtons.swift in Sources */ = {isa = PBXBuildFile; fileRef = AFEE47C22AC1A650000C1B9D /* MainScreenViewDebugButtons.swift */; };
		AFFAB4CD2AC2BB6A009073B4 /* TweetCreateNewTweetButton.swift in Sources */ = {isa = PBXBuildFile; fileRef = AFFAB4CC2AC2BB6A009073B4 /* TweetCreateNewTweetButton.swift */; };
		AFFAB4CF2AC2BBB7009073B4 /* TweetCreateNewButtonsStack.swift in Sources */ = {isa = PBXBuildFile; fileRef = AFFAB4CE2AC2BBB7009073B4 /* TweetCreateNewButtonsStack.swift */; };
		AFFAB4D12AC2F308009073B4 /* TEMPProfilePicture.swift in Sources */ = {isa = PBXBuildFile; fileRef = AFFAB4D02AC2F308009073B4 /* TEMPProfilePicture.swift */; };
		AFFAB4D32AC2F32F009073B4 /* CrossButton.swift in Sources */ = {isa = PBXBuildFile; fileRef = AFFAB4D22AC2F32F009073B4 /* CrossButton.swift */; };
		AFFAB4D52AC2F34F009073B4 /* DEBUGSendToStorage.swift in Sources */ = {isa = PBXBuildFile; fileRef = AFFAB4D42AC2F34F009073B4 /* DEBUGSendToStorage.swift */; };
		AFFAB4D82AC2F58C009073B4 /* TimelineInteractionButtons.swift in Sources */ = {isa = PBXBuildFile; fileRef = AFFAB4D72AC2F58C009073B4 /* TimelineInteractionButtons.swift */; };
		AFFAB4DA2AC2FFB6009073B4 /* TweetMedia.swift in Sources */ = {isa = PBXBuildFile; fileRef = AFFAB4D92AC2FFB6009073B4 /* TweetMedia.swift */; };
		AFFAB4DC2AC30736009073B4 /* HeaderView.swift in Sources */ = {isa = PBXBuildFile; fileRef = AFFAB4DB2AC30736009073B4 /* HeaderView.swift */; };
		AFFFE6CB2AB2F71A00B4AB43 /* AuthenticationView.swift in Sources */ = {isa = PBXBuildFile; fileRef = AFFFE6CA2AB2F71A00B4AB43 /* AuthenticationView.swift */; };
		AFFFE6CE2AB2FEAE00B4AB43 /* LoginViewModel.swift in Sources */ = {isa = PBXBuildFile; fileRef = AFFFE6CD2AB2FEAE00B4AB43 /* LoginViewModel.swift */; };
		AFFFE6D12AB2FEEA00B4AB43 /* Resolver in Frameworks */ = {isa = PBXBuildFile; productRef = AFFFE6D02AB2FEEA00B4AB43 /* Resolver */; };
		AFFFE6D32AB2FF2D00B4AB43 /* AppDelegate+Injection.swift in Sources */ = {isa = PBXBuildFile; fileRef = AFFFE6D22AB2FF2D00B4AB43 /* AppDelegate+Injection.swift */; };
		AFFFE6D52AB2FF4D00B4AB43 /* AuthService.swift in Sources */ = {isa = PBXBuildFile; fileRef = AFFFE6D42AB2FF4D00B4AB43 /* AuthService.swift */; };
		AFFFE6D82AB2FF7A00B4AB43 /* AppStateManager.swift in Sources */ = {isa = PBXBuildFile; fileRef = AFFFE6D72AB2FF7A00B4AB43 /* AppStateManager.swift */; };
		AFFFE6DB2AB2FFF500B4AB43 /* UserModel.swift in Sources */ = {isa = PBXBuildFile; fileRef = AFFFE6DA2AB2FFF500B4AB43 /* UserModel.swift */; };
		AFFFE6E22AB308EC00B4AB43 /* DatabaseService.swift in Sources */ = {isa = PBXBuildFile; fileRef = AFFFE6E12AB308EC00B4AB43 /* DatabaseService.swift */; };
		AFFFE6E42AB4562600B4AB43 /* DatabaseViewModel.swift in Sources */ = {isa = PBXBuildFile; fileRef = AFFFE6E32AB4562600B4AB43 /* DatabaseViewModel.swift */; };
		AFFFE6E62AB86BF700B4AB43 /* TweetBio.swift in Sources */ = {isa = PBXBuildFile; fileRef = AFFFE6E52AB86BF700B4AB43 /* TweetBio.swift */; };
		AFFFE6E92AB87AC500B4AB43 /* PlaceholderImageLoading.swift in Sources */ = {isa = PBXBuildFile; fileRef = AFFFE6E82AB87AC500B4AB43 /* PlaceholderImageLoading.swift */; };
/* End PBXBuildFile section */

/* Begin PBXFileReference section */
		AF70E8902AB1C6830066F8DC /* Posts.app */ = {isa = PBXFileReference; explicitFileType = wrapper.application; includeInIndex = 0; path = Posts.app; sourceTree = BUILT_PRODUCTS_DIR; };
		AF70E8932AB1C6830066F8DC /* PostsApp.swift */ = {isa = PBXFileReference; lastKnownFileType = sourcecode.swift; path = PostsApp.swift; sourceTree = "<group>"; };
		AF70E8972AB1C6840066F8DC /* Assets.xcassets */ = {isa = PBXFileReference; lastKnownFileType = folder.assetcatalog; path = Assets.xcassets; sourceTree = "<group>"; };
		AF70E8992AB1C6840066F8DC /* Posts.entitlements */ = {isa = PBXFileReference; lastKnownFileType = text.plist.entitlements; path = Posts.entitlements; sourceTree = "<group>"; };
		AF70E89B2AB1C6840066F8DC /* Preview Assets.xcassets */ = {isa = PBXFileReference; lastKnownFileType = folder.assetcatalog; path = "Preview Assets.xcassets"; sourceTree = "<group>"; };
		AF70E8A32AB1F35D0066F8DC /* TweetTimeline.swift */ = {isa = PBXFileReference; lastKnownFileType = sourcecode.swift; path = TweetTimeline.swift; sourceTree = "<group>"; };
		AF70E8A52AB1F3960066F8DC /* TweetDetails.swift */ = {isa = PBXFileReference; lastKnownFileType = sourcecode.swift; path = TweetDetails.swift; sourceTree = "<group>"; };
		AF70E8A92AB2DCB70066F8DC /* GoogleService-Info.plist */ = {isa = PBXFileReference; fileEncoding = 4; lastKnownFileType = text.plist.xml; path = "GoogleService-Info.plist"; sourceTree = "<group>"; };
		AFA0A5182ABD966F005FD026 /* StorageService.swift */ = {isa = PBXFileReference; lastKnownFileType = sourcecode.swift; path = StorageService.swift; sourceTree = "<group>"; };
		AFD654422AC174AA00AF8EC0 /* TweetCreateNew.swift */ = {isa = PBXFileReference; lastKnownFileType = sourcecode.swift; path = TweetCreateNew.swift; sourceTree = "<group>"; };
		AFE7858E2ABDA6A800736F18 /* StorageViewModel.swift */ = {isa = PBXFileReference; lastKnownFileType = sourcecode.swift; path = StorageViewModel.swift; sourceTree = "<group>"; };
		AFEE47B82AC1A21D000C1B9D /* ContentView.swift */ = {isa = PBXFileReference; fileEncoding = 4; lastKnownFileType = sourcecode.swift; path = ContentView.swift; sourceTree = "<group>"; };
		AFEE47BB2AC1A28D000C1B9D /* LoginPageView.swift */ = {isa = PBXFileReference; lastKnownFileType = sourcecode.swift; path = LoginPageView.swift; sourceTree = "<group>"; };
		AFEE47BD2AC1A2F5000C1B9D /* MainPageView.swift */ = {isa = PBXFileReference; lastKnownFileType = sourcecode.swift; path = MainPageView.swift; sourceTree = "<group>"; };
		AFEE47BF2AC1A3BC000C1B9D /* ProvideDetailsView.swift */ = {isa = PBXFileReference; lastKnownFileType = sourcecode.swift; path = ProvideDetailsView.swift; sourceTree = "<group>"; };
		AFEE47C22AC1A650000C1B9D /* MainScreenViewDebugButtons.swift */ = {isa = PBXFileReference; lastKnownFileType = sourcecode.swift; path = MainScreenViewDebugButtons.swift; sourceTree = "<group>"; };
		AFFAB4CC2AC2BB6A009073B4 /* TweetCreateNewTweetButton.swift */ = {isa = PBXFileReference; lastKnownFileType = sourcecode.swift; path = TweetCreateNewTweetButton.swift; sourceTree = "<group>"; };
		AFFAB4CE2AC2BBB7009073B4 /* TweetCreateNewButtonsStack.swift */ = {isa = PBXFileReference; lastKnownFileType = sourcecode.swift; path = TweetCreateNewButtonsStack.swift; sourceTree = "<group>"; };
		AFFAB4D02AC2F308009073B4 /* TEMPProfilePicture.swift */ = {isa = PBXFileReference; lastKnownFileType = sourcecode.swift; path = TEMPProfilePicture.swift; sourceTree = "<group>"; };
		AFFAB4D22AC2F32F009073B4 /* CrossButton.swift */ = {isa = PBXFileReference; lastKnownFileType = sourcecode.swift; path = CrossButton.swift; sourceTree = "<group>"; };
		AFFAB4D42AC2F34F009073B4 /* DEBUGSendToStorage.swift */ = {isa = PBXFileReference; lastKnownFileType = sourcecode.swift; path = DEBUGSendToStorage.swift; sourceTree = "<group>"; };
		AFFAB4D72AC2F58C009073B4 /* TimelineInteractionButtons.swift */ = {isa = PBXFileReference; lastKnownFileType = sourcecode.swift; path = TimelineInteractionButtons.swift; sourceTree = "<group>"; };
		AFFAB4D92AC2FFB6009073B4 /* TweetMedia.swift */ = {isa = PBXFileReference; lastKnownFileType = sourcecode.swift; path = TweetMedia.swift; sourceTree = "<group>"; };
		AFFAB4DB2AC30736009073B4 /* HeaderView.swift */ = {isa = PBXFileReference; lastKnownFileType = sourcecode.swift; path = HeaderView.swift; sourceTree = "<group>"; };
		AFFFE6CA2AB2F71A00B4AB43 /* AuthenticationView.swift */ = {isa = PBXFileReference; lastKnownFileType = sourcecode.swift; path = AuthenticationView.swift; sourceTree = "<group>"; };
		AFFFE6CD2AB2FEAE00B4AB43 /* LoginViewModel.swift */ = {isa = PBXFileReference; lastKnownFileType = sourcecode.swift; path = LoginViewModel.swift; sourceTree = "<group>"; };
		AFFFE6D22AB2FF2D00B4AB43 /* AppDelegate+Injection.swift */ = {isa = PBXFileReference; lastKnownFileType = sourcecode.swift; path = "AppDelegate+Injection.swift"; sourceTree = "<group>"; };
		AFFFE6D42AB2FF4D00B4AB43 /* AuthService.swift */ = {isa = PBXFileReference; lastKnownFileType = sourcecode.swift; path = AuthService.swift; sourceTree = "<group>"; };
		AFFFE6D72AB2FF7A00B4AB43 /* AppStateManager.swift */ = {isa = PBXFileReference; lastKnownFileType = sourcecode.swift; path = AppStateManager.swift; sourceTree = "<group>"; };
		AFFFE6DA2AB2FFF500B4AB43 /* UserModel.swift */ = {isa = PBXFileReference; lastKnownFileType = sourcecode.swift; path = UserModel.swift; sourceTree = "<group>"; };
		AFFFE6E12AB308EC00B4AB43 /* DatabaseService.swift */ = {isa = PBXFileReference; lastKnownFileType = sourcecode.swift; path = DatabaseService.swift; sourceTree = "<group>"; };
		AFFFE6E32AB4562600B4AB43 /* DatabaseViewModel.swift */ = {isa = PBXFileReference; lastKnownFileType = sourcecode.swift; path = DatabaseViewModel.swift; sourceTree = "<group>"; };
		AFFFE6E52AB86BF700B4AB43 /* TweetBio.swift */ = {isa = PBXFileReference; lastKnownFileType = sourcecode.swift; path = TweetBio.swift; sourceTree = "<group>"; };
		AFFFE6E72AB86DCE00B4AB43 /* Info.plist */ = {isa = PBXFileReference; lastKnownFileType = text.plist; path = Info.plist; sourceTree = "<group>"; };
		AFFFE6E82AB87AC500B4AB43 /* PlaceholderImageLoading.swift */ = {isa = PBXFileReference; lastKnownFileType = sourcecode.swift; path = PlaceholderImageLoading.swift; sourceTree = "<group>"; };
/* End PBXFileReference section */

/* Begin PBXFrameworksBuildPhase section */
		AF70E88D2AB1C6830066F8DC /* Frameworks */ = {
			isa = PBXFrameworksBuildPhase;
			buildActionMask = 2147483647;
			files = (
				AFFFE6D12AB2FEEA00B4AB43 /* Resolver in Frameworks */,
				AF70E8B52AB2DEA00066F8DC /* FirebaseDatabaseSwift in Frameworks */,
				AFA0A5172ABD8686005FD026 /* Kingfisher in Frameworks */,
				AF70E8AF2AB2DEA00066F8DC /* FirebaseAnalyticsSwift in Frameworks */,
				AF70E8B12AB2DEA00066F8DC /* FirebaseAuth in Frameworks */,
				AFA0A51B2ABD986A005FD026 /* FirebaseStorage in Frameworks */,
				AF70E8B32AB2DEA00066F8DC /* FirebaseDatabase in Frameworks */,
				AF70E8AD2AB2DEA00066F8DC /* FirebaseAnalytics in Frameworks */,
			);
			runOnlyForDeploymentPostprocessing = 0;
		};
/* End PBXFrameworksBuildPhase section */

/* Begin PBXGroup section */
		AF70E8872AB1C6830066F8DC = {
			isa = PBXGroup;
			children = (
				AF70E8922AB1C6830066F8DC /* Posts */,
				AF70E8912AB1C6830066F8DC /* Products */,
				AFFFE6DC2AB308C700B4AB43 /* Frameworks */,
			);
			sourceTree = "<group>";
		};
		AF70E8912AB1C6830066F8DC /* Products */ = {
			isa = PBXGroup;
			children = (
				AF70E8902AB1C6830066F8DC /* Posts.app */,
			);
			name = Products;
			sourceTree = "<group>";
		};
		AF70E8922AB1C6830066F8DC /* Posts */ = {
			isa = PBXGroup;
			children = (
				AFFFE6E72AB86DCE00B4AB43 /* Info.plist */,
				AFEE47BA2AC1A27E000C1B9D /* Views */,
				AF70E8932AB1C6830066F8DC /* PostsApp.swift */,
				AFFFE6D92AB2FFEA00B4AB43 /* Models */,
				AFFFE6CC2AB2FE9800B4AB43 /* ViewModels */,
				AFFFE6C92AB2F70C00B4AB43 /* Auth */,
				AF70E8A22AB1F3380066F8DC /* ComponentViews */,
				AF70E8972AB1C6840066F8DC /* Assets.xcassets */,
				AF70E8992AB1C6840066F8DC /* Posts.entitlements */,
				AF70E8A92AB2DCB70066F8DC /* GoogleService-Info.plist */,
				AF70E89A2AB1C6840066F8DC /* Preview Content */,
			);
			path = Posts;
			sourceTree = "<group>";
		};
		AF70E89A2AB1C6840066F8DC /* Preview Content */ = {
			isa = PBXGroup;
			children = (
				AF70E89B2AB1C6840066F8DC /* Preview Assets.xcassets */,
			);
			path = "Preview Content";
			sourceTree = "<group>";
		};
		AF70E8A22AB1F3380066F8DC /* ComponentViews */ = {
			isa = PBXGroup;
			children = (
				AFEE47C12AC1A62A000C1B9D /* DebugBin */,
				AFFAB4D62AC2F554009073B4 /* TimelineTweet */,
				AFFAB4CB2AC2BB46009073B4 /* TweetCreateNew */,
				AF70E8A52AB1F3960066F8DC /* TweetDetails.swift */,
				AFFFE6E52AB86BF700B4AB43 /* TweetBio.swift */,
				AFFFE6E82AB87AC500B4AB43 /* PlaceholderImageLoading.swift */,
			);
			path = ComponentViews;
			sourceTree = "<group>";
		};
		AFEE47BA2AC1A27E000C1B9D /* Views */ = {
			isa = PBXGroup;
			children = (
				AFEE47B82AC1A21D000C1B9D /* ContentView.swift */,
				AFEE47BB2AC1A28D000C1B9D /* LoginPageView.swift */,
				AFEE47BD2AC1A2F5000C1B9D /* MainPageView.swift */,
				AFEE47BF2AC1A3BC000C1B9D /* ProvideDetailsView.swift */,
			);
			path = Views;
			sourceTree = "<group>";
		};
		AFEE47C12AC1A62A000C1B9D /* DebugBin */ = {
			isa = PBXGroup;
			children = (
				AFEE47C22AC1A650000C1B9D /* MainScreenViewDebugButtons.swift */,
			);
			path = DebugBin;
			sourceTree = "<group>";
		};
		AFFAB4CB2AC2BB46009073B4 /* TweetCreateNew */ = {
			isa = PBXGroup;
			children = (
				AFD654422AC174AA00AF8EC0 /* TweetCreateNew.swift */,
				AFFAB4DB2AC30736009073B4 /* HeaderView.swift */,
				AFFAB4CC2AC2BB6A009073B4 /* TweetCreateNewTweetButton.swift */,
				AFFAB4CE2AC2BBB7009073B4 /* TweetCreateNewButtonsStack.swift */,
				AFFAB4D22AC2F32F009073B4 /* CrossButton.swift */,
				AFFAB4D02AC2F308009073B4 /* TEMPProfilePicture.swift */,
				AFFAB4D42AC2F34F009073B4 /* DEBUGSendToStorage.swift */,
			);
			path = TweetCreateNew;
			sourceTree = "<group>";
		};
		AFFAB4D62AC2F554009073B4 /* TimelineTweet */ = {
			isa = PBXGroup;
			children = (
				AF70E8A32AB1F35D0066F8DC /* TweetTimeline.swift */,
				AFFAB4D72AC2F58C009073B4 /* TimelineInteractionButtons.swift */,
				AFFAB4D92AC2FFB6009073B4 /* TweetMedia.swift */,
			);
			path = TimelineTweet;
			sourceTree = "<group>";
		};
		AFFFE6C92AB2F70C00B4AB43 /* Auth */ = {
			isa = PBXGroup;
			children = (
				AFFFE6CA2AB2F71A00B4AB43 /* AuthenticationView.swift */,
			);
			path = Auth;
			sourceTree = "<group>";
		};
		AFFFE6CC2AB2FE9800B4AB43 /* ViewModels */ = {
			isa = PBXGroup;
			children = (
				AFFFE6D22AB2FF2D00B4AB43 /* AppDelegate+Injection.swift */,
				AFFFE6D72AB2FF7A00B4AB43 /* AppStateManager.swift */,
				AFFFE6D42AB2FF4D00B4AB43 /* AuthService.swift */,
				AFFFE6E32AB4562600B4AB43 /* DatabaseViewModel.swift */,
				AFA0A5182ABD966F005FD026 /* StorageService.swift */,
				AFE7858E2ABDA6A800736F18 /* StorageViewModel.swift */,
				AFFFE6E12AB308EC00B4AB43 /* DatabaseService.swift */,
				AFFFE6CD2AB2FEAE00B4AB43 /* LoginViewModel.swift */,
			);
			path = ViewModels;
			sourceTree = "<group>";
		};
		AFFFE6D92AB2FFEA00B4AB43 /* Models */ = {
			isa = PBXGroup;
			children = (
				AFFFE6DA2AB2FFF500B4AB43 /* UserModel.swift */,
			);
			path = Models;
			sourceTree = "<group>";
		};
		AFFFE6DC2AB308C700B4AB43 /* Frameworks */ = {
			isa = PBXGroup;
			children = (
			);
			name = Frameworks;
			sourceTree = "<group>";
		};
/* End PBXGroup section */

/* Begin PBXNativeTarget section */
		AF70E88F2AB1C6830066F8DC /* Posts */ = {
			isa = PBXNativeTarget;
			buildConfigurationList = AF70E89F2AB1C6840066F8DC /* Build configuration list for PBXNativeTarget "Posts" */;
			buildPhases = (
				AF70E8A82AB2D36A0066F8DC /* Run Script */,
				AF70E88C2AB1C6830066F8DC /* Sources */,
				AF70E88D2AB1C6830066F8DC /* Frameworks */,
				AF70E88E2AB1C6830066F8DC /* Resources */,
			);
			buildRules = (
			);
			dependencies = (
			);
			name = Posts;
			packageProductDependencies = (
				AF70E8AC2AB2DEA00066F8DC /* FirebaseAnalytics */,
				AF70E8AE2AB2DEA00066F8DC /* FirebaseAnalyticsSwift */,
				AF70E8B02AB2DEA00066F8DC /* FirebaseAuth */,
				AF70E8B22AB2DEA00066F8DC /* FirebaseDatabase */,
				AF70E8B42AB2DEA00066F8DC /* FirebaseDatabaseSwift */,
				AFFFE6D02AB2FEEA00B4AB43 /* Resolver */,
				AFA0A5162ABD8686005FD026 /* Kingfisher */,
				AFA0A51A2ABD986A005FD026 /* FirebaseStorage */,
			);
			productName = Posts;
			productReference = AF70E8902AB1C6830066F8DC /* Posts.app */;
			productType = "com.apple.product-type.application";
		};
/* End PBXNativeTarget section */

/* Begin PBXProject section */
		AF70E8882AB1C6830066F8DC /* Project object */ = {
			isa = PBXProject;
			attributes = {
				BuildIndependentTargetsInParallel = 1;
				LastSwiftUpdateCheck = 1430;
				LastUpgradeCheck = 1430;
				TargetAttributes = {
					AF70E88F2AB1C6830066F8DC = {
						CreatedOnToolsVersion = 14.3.1;
					};
				};
			};
			buildConfigurationList = AF70E88B2AB1C6830066F8DC /* Build configuration list for PBXProject "Posts" */;
			compatibilityVersion = "Xcode 14.0";
			developmentRegion = en;
			hasScannedForEncodings = 0;
			knownRegions = (
				en,
				Base,
			);
			mainGroup = AF70E8872AB1C6830066F8DC;
			packageReferences = (
				AF70E8AB2AB2DEA00066F8DC /* XCRemoteSwiftPackageReference "firebase-ios-sdk" */,
				AFFFE6CF2AB2FEEA00B4AB43 /* XCRemoteSwiftPackageReference "Resolver" */,
				AFA0A5152ABD8686005FD026 /* XCRemoteSwiftPackageReference "Kingfisher" */,
			);
			productRefGroup = AF70E8912AB1C6830066F8DC /* Products */;
			projectDirPath = "";
			projectRoot = "";
			targets = (
				AF70E88F2AB1C6830066F8DC /* Posts */,
			);
		};
/* End PBXProject section */

/* Begin PBXResourcesBuildPhase section */
		AF70E88E2AB1C6830066F8DC /* Resources */ = {
			isa = PBXResourcesBuildPhase;
			buildActionMask = 2147483647;
			files = (
				AF70E89C2AB1C6840066F8DC /* Preview Assets.xcassets in Resources */,
				AF70E8AA2AB2DCB70066F8DC /* GoogleService-Info.plist in Resources */,
				AF70E8982AB1C6840066F8DC /* Assets.xcassets in Resources */,
			);
			runOnlyForDeploymentPostprocessing = 0;
		};
/* End PBXResourcesBuildPhase section */

/* Begin PBXShellScriptBuildPhase section */
		AF70E8A82AB2D36A0066F8DC /* Run Script */ = {
			isa = PBXShellScriptBuildPhase;
			alwaysOutOfDate = 1;
			buildActionMask = 2147483647;
			files = (
			);
			inputFileListPaths = (
			);
			inputPaths = (
			);
			name = "Run Script";
			outputFileListPaths = (
			);
			outputPaths = (
			);
			runOnlyForDeploymentPostprocessing = 0;
			shellPath = /bin/sh;
			shellScript = "if [ \"${ENABLE_PREVIEWS}\" = \"YES\" ]; then\n  echo \"Not running SwiftLint for Xcode Previews\"\n  exit 0\nfi\n\nif which swiftlint >/dev/null; then\n  swiftlint --fix && swiftlint\nelse\n  echo \"warning: SwiftLint not installed\"\nfi\n";
		};
/* End PBXShellScriptBuildPhase section */

/* Begin PBXSourcesBuildPhase section */
		AF70E88C2AB1C6830066F8DC /* Sources */ = {
			isa = PBXSourcesBuildPhase;
			buildActionMask = 2147483647;
			files = (
				AFFAB4CD2AC2BB6A009073B4 /* TweetCreateNewTweetButton.swift in Sources */,
				AF70E8A62AB1F3960066F8DC /* TweetDetails.swift in Sources */,
				AFE7858F2ABDA6A800736F18 /* StorageViewModel.swift in Sources */,
				AFFFE6CE2AB2FEAE00B4AB43 /* LoginViewModel.swift in Sources */,
				AFFAB4D52AC2F34F009073B4 /* DEBUGSendToStorage.swift in Sources */,
				AFFAB4CF2AC2BBB7009073B4 /* TweetCreateNewButtonsStack.swift in Sources */,
				AFFFE6E62AB86BF700B4AB43 /* TweetBio.swift in Sources */,
				AFFFE6E42AB4562600B4AB43 /* DatabaseViewModel.swift in Sources */,
				AFFFE6D32AB2FF2D00B4AB43 /* AppDelegate+Injection.swift in Sources */,
				AF70E8942AB1C6830066F8DC /* PostsApp.swift in Sources */,
				AFEE47B92AC1A21D000C1B9D /* ContentView.swift in Sources */,
				AF70E8A42AB1F35D0066F8DC /* TweetTimeline.swift in Sources */,
				AFFFE6E92AB87AC500B4AB43 /* PlaceholderImageLoading.swift in Sources */,
				AFFFE6CB2AB2F71A00B4AB43 /* AuthenticationView.swift in Sources */,
				AFA0A5192ABD966F005FD026 /* StorageService.swift in Sources */,
				AFFAB4D12AC2F308009073B4 /* TEMPProfilePicture.swift in Sources */,
				AFFAB4DA2AC2FFB6009073B4 /* TweetMedia.swift in Sources */,
				AFFFE6D82AB2FF7A00B4AB43 /* AppStateManager.swift in Sources */,
				AFFAB4D32AC2F32F009073B4 /* CrossButton.swift in Sources */,
				AFEE47C02AC1A3BC000C1B9D /* ProvideDetailsView.swift in Sources */,
				AFFAB4DC2AC30736009073B4 /* HeaderView.swift in Sources */,
				AFFFE6DB2AB2FFF500B4AB43 /* UserModel.swift in Sources */,
				AFFFE6D52AB2FF4D00B4AB43 /* AuthService.swift in Sources */,
				AFD654432AC174AA00AF8EC0 /* TweetCreateNew.swift in Sources */,
				AFEE47BE2AC1A2F5000C1B9D /* MainPageView.swift in Sources */,
				AFFAB4D82AC2F58C009073B4 /* TimelineInteractionButtons.swift in Sources */,
				AFFFE6E22AB308EC00B4AB43 /* DatabaseService.swift in Sources */,
				AFEE47C32AC1A650000C1B9D /* MainScreenViewDebugButtons.swift in Sources */,
				AFEE47BC2AC1A28D000C1B9D /* LoginPageView.swift in Sources */,
			);
			runOnlyForDeploymentPostprocessing = 0;
		};
/* End PBXSourcesBuildPhase section */

/* Begin XCBuildConfiguration section */
		AF70E89D2AB1C6840066F8DC /* Debug */ = {
			isa = XCBuildConfiguration;
			buildSettings = {
				ALWAYS_SEARCH_USER_PATHS = NO;
				CLANG_ANALYZER_NONNULL = YES;
				CLANG_ANALYZER_NUMBER_OBJECT_CONVERSION = YES_AGGRESSIVE;
				CLANG_CXX_LANGUAGE_STANDARD = "gnu++20";
				CLANG_ENABLE_MODULES = YES;
				CLANG_ENABLE_OBJC_ARC = YES;
				CLANG_ENABLE_OBJC_WEAK = YES;
				CLANG_WARN_BLOCK_CAPTURE_AUTORELEASING = YES;
				CLANG_WARN_BOOL_CONVERSION = YES;
				CLANG_WARN_COMMA = YES;
				CLANG_WARN_CONSTANT_CONVERSION = YES;
				CLANG_WARN_DEPRECATED_OBJC_IMPLEMENTATIONS = YES;
				CLANG_WARN_DIRECT_OBJC_ISA_USAGE = YES_ERROR;
				CLANG_WARN_DOCUMENTATION_COMMENTS = YES;
				CLANG_WARN_EMPTY_BODY = YES;
				CLANG_WARN_ENUM_CONVERSION = YES;
				CLANG_WARN_INFINITE_RECURSION = YES;
				CLANG_WARN_INT_CONVERSION = YES;
				CLANG_WARN_NON_LITERAL_NULL_CONVERSION = YES;
				CLANG_WARN_OBJC_IMPLICIT_RETAIN_SELF = YES;
				CLANG_WARN_OBJC_LITERAL_CONVERSION = YES;
				CLANG_WARN_OBJC_ROOT_CLASS = YES_ERROR;
				CLANG_WARN_QUOTED_INCLUDE_IN_FRAMEWORK_HEADER = YES;
				CLANG_WARN_RANGE_LOOP_ANALYSIS = YES;
				CLANG_WARN_STRICT_PROTOTYPES = YES;
				CLANG_WARN_SUSPICIOUS_MOVE = YES;
				CLANG_WARN_UNGUARDED_AVAILABILITY = YES_AGGRESSIVE;
				CLANG_WARN_UNREACHABLE_CODE = YES;
				CLANG_WARN__DUPLICATE_METHOD_MATCH = YES;
				COPY_PHASE_STRIP = NO;
				DEBUG_INFORMATION_FORMAT = dwarf;
				ENABLE_STRICT_OBJC_MSGSEND = YES;
				ENABLE_TESTABILITY = YES;
				GCC_C_LANGUAGE_STANDARD = gnu11;
				GCC_DYNAMIC_NO_PIC = NO;
				GCC_NO_COMMON_BLOCKS = YES;
				GCC_OPTIMIZATION_LEVEL = 0;
				GCC_PREPROCESSOR_DEFINITIONS = (
					"DEBUG=1",
					"$(inherited)",
				);
				GCC_WARN_64_TO_32_BIT_CONVERSION = YES;
				GCC_WARN_ABOUT_RETURN_TYPE = YES_ERROR;
				GCC_WARN_UNDECLARED_SELECTOR = YES;
				GCC_WARN_UNINITIALIZED_AUTOS = YES_AGGRESSIVE;
				GCC_WARN_UNUSED_FUNCTION = YES;
				GCC_WARN_UNUSED_VARIABLE = YES;
				MTL_ENABLE_DEBUG_INFO = INCLUDE_SOURCE;
				MTL_FAST_MATH = YES;
				ONLY_ACTIVE_ARCH = YES;
				SWIFT_ACTIVE_COMPILATION_CONDITIONS = DEBUG;
				SWIFT_OPTIMIZATION_LEVEL = "-Onone";
			};
			name = Debug;
		};
		AF70E89E2AB1C6840066F8DC /* Release */ = {
			isa = XCBuildConfiguration;
			buildSettings = {
				ALWAYS_SEARCH_USER_PATHS = NO;
				CLANG_ANALYZER_NONNULL = YES;
				CLANG_ANALYZER_NUMBER_OBJECT_CONVERSION = YES_AGGRESSIVE;
				CLANG_CXX_LANGUAGE_STANDARD = "gnu++20";
				CLANG_ENABLE_MODULES = YES;
				CLANG_ENABLE_OBJC_ARC = YES;
				CLANG_ENABLE_OBJC_WEAK = YES;
				CLANG_WARN_BLOCK_CAPTURE_AUTORELEASING = YES;
				CLANG_WARN_BOOL_CONVERSION = YES;
				CLANG_WARN_COMMA = YES;
				CLANG_WARN_CONSTANT_CONVERSION = YES;
				CLANG_WARN_DEPRECATED_OBJC_IMPLEMENTATIONS = YES;
				CLANG_WARN_DIRECT_OBJC_ISA_USAGE = YES_ERROR;
				CLANG_WARN_DOCUMENTATION_COMMENTS = YES;
				CLANG_WARN_EMPTY_BODY = YES;
				CLANG_WARN_ENUM_CONVERSION = YES;
				CLANG_WARN_INFINITE_RECURSION = YES;
				CLANG_WARN_INT_CONVERSION = YES;
				CLANG_WARN_NON_LITERAL_NULL_CONVERSION = YES;
				CLANG_WARN_OBJC_IMPLICIT_RETAIN_SELF = YES;
				CLANG_WARN_OBJC_LITERAL_CONVERSION = YES;
				CLANG_WARN_OBJC_ROOT_CLASS = YES_ERROR;
				CLANG_WARN_QUOTED_INCLUDE_IN_FRAMEWORK_HEADER = YES;
				CLANG_WARN_RANGE_LOOP_ANALYSIS = YES;
				CLANG_WARN_STRICT_PROTOTYPES = YES;
				CLANG_WARN_SUSPICIOUS_MOVE = YES;
				CLANG_WARN_UNGUARDED_AVAILABILITY = YES_AGGRESSIVE;
				CLANG_WARN_UNREACHABLE_CODE = YES;
				CLANG_WARN__DUPLICATE_METHOD_MATCH = YES;
				COPY_PHASE_STRIP = NO;
				DEBUG_INFORMATION_FORMAT = "dwarf-with-dsym";
				ENABLE_NS_ASSERTIONS = NO;
				ENABLE_STRICT_OBJC_MSGSEND = YES;
				GCC_C_LANGUAGE_STANDARD = gnu11;
				GCC_NO_COMMON_BLOCKS = YES;
				GCC_WARN_64_TO_32_BIT_CONVERSION = YES;
				GCC_WARN_ABOUT_RETURN_TYPE = YES_ERROR;
				GCC_WARN_UNDECLARED_SELECTOR = YES;
				GCC_WARN_UNINITIALIZED_AUTOS = YES_AGGRESSIVE;
				GCC_WARN_UNUSED_FUNCTION = YES;
				GCC_WARN_UNUSED_VARIABLE = YES;
				MTL_ENABLE_DEBUG_INFO = NO;
				MTL_FAST_MATH = YES;
				SWIFT_COMPILATION_MODE = wholemodule;
				SWIFT_OPTIMIZATION_LEVEL = "-O";
			};
			name = Release;
		};
		AF70E8A02AB1C6840066F8DC /* Debug */ = {
			isa = XCBuildConfiguration;
			buildSettings = {
				ASSETCATALOG_COMPILER_APPICON_NAME = AppIcon;
				ASSETCATALOG_COMPILER_GLOBAL_ACCENT_COLOR_NAME = AccentColor;
				CODE_SIGN_ENTITLEMENTS = Posts/Posts.entitlements;
				CODE_SIGN_STYLE = Automatic;
				CURRENT_PROJECT_VERSION = 1;
				DEVELOPMENT_ASSET_PATHS = "\"Posts/Preview Content\"";
				DEVELOPMENT_TEAM = 395U9LS8W9;
				ENABLE_HARDENED_RUNTIME = YES;
				ENABLE_PREVIEWS = YES;
				GENERATE_INFOPLIST_FILE = YES;
				INFOPLIST_FILE = Posts/Info.plist;
				"INFOPLIST_KEY_UIApplicationSceneManifest_Generation[sdk=iphoneos*]" = YES;
				"INFOPLIST_KEY_UIApplicationSceneManifest_Generation[sdk=iphonesimulator*]" = YES;
				"INFOPLIST_KEY_UIApplicationSupportsIndirectInputEvents[sdk=iphoneos*]" = YES;
				"INFOPLIST_KEY_UIApplicationSupportsIndirectInputEvents[sdk=iphonesimulator*]" = YES;
				"INFOPLIST_KEY_UILaunchScreen_Generation[sdk=iphoneos*]" = YES;
				"INFOPLIST_KEY_UILaunchScreen_Generation[sdk=iphonesimulator*]" = YES;
				"INFOPLIST_KEY_UIStatusBarStyle[sdk=iphoneos*]" = UIStatusBarStyleDefault;
				"INFOPLIST_KEY_UIStatusBarStyle[sdk=iphonesimulator*]" = UIStatusBarStyleDefault;
				INFOPLIST_KEY_UISupportedInterfaceOrientations_iPad = "UIInterfaceOrientationPortrait UIInterfaceOrientationPortraitUpsideDown UIInterfaceOrientationLandscapeLeft UIInterfaceOrientationLandscapeRight";
				INFOPLIST_KEY_UISupportedInterfaceOrientations_iPhone = "UIInterfaceOrientationPortrait UIInterfaceOrientationLandscapeLeft UIInterfaceOrientationLandscapeRight";
				IPHONEOS_DEPLOYMENT_TARGET = 16.4;
				LD_RUNPATH_SEARCH_PATHS = "@executable_path/Frameworks";
				"LD_RUNPATH_SEARCH_PATHS[sdk=macosx*]" = "@executable_path/../Frameworks";
				MACOSX_DEPLOYMENT_TARGET = 13.3;
				MARKETING_VERSION = 1.0;
				PRODUCT_BUNDLE_IDENTIFIER = kulakdev.Posts;
				PRODUCT_NAME = "$(TARGET_NAME)";
				SDKROOT = auto;
				SUPPORTED_PLATFORMS = "iphoneos iphonesimulator macosx";
				SWIFT_EMIT_LOC_STRINGS = YES;
				SWIFT_VERSION = 5.0;
				TARGETED_DEVICE_FAMILY = "1,2";
			};
			name = Debug;
		};
		AF70E8A12AB1C6840066F8DC /* Release */ = {
			isa = XCBuildConfiguration;
			buildSettings = {
				ASSETCATALOG_COMPILER_APPICON_NAME = AppIcon;
				ASSETCATALOG_COMPILER_GLOBAL_ACCENT_COLOR_NAME = AccentColor;
				CODE_SIGN_ENTITLEMENTS = Posts/Posts.entitlements;
				CODE_SIGN_STYLE = Automatic;
				CURRENT_PROJECT_VERSION = 1;
				DEVELOPMENT_ASSET_PATHS = "\"Posts/Preview Content\"";
				DEVELOPMENT_TEAM = 395U9LS8W9;
				ENABLE_HARDENED_RUNTIME = YES;
				ENABLE_PREVIEWS = YES;
				GENERATE_INFOPLIST_FILE = YES;
				INFOPLIST_FILE = Posts/Info.plist;
				"INFOPLIST_KEY_UIApplicationSceneManifest_Generation[sdk=iphoneos*]" = YES;
				"INFOPLIST_KEY_UIApplicationSceneManifest_Generation[sdk=iphonesimulator*]" = YES;
				"INFOPLIST_KEY_UIApplicationSupportsIndirectInputEvents[sdk=iphoneos*]" = YES;
				"INFOPLIST_KEY_UIApplicationSupportsIndirectInputEvents[sdk=iphonesimulator*]" = YES;
				"INFOPLIST_KEY_UILaunchScreen_Generation[sdk=iphoneos*]" = YES;
				"INFOPLIST_KEY_UILaunchScreen_Generation[sdk=iphonesimulator*]" = YES;
				"INFOPLIST_KEY_UIStatusBarStyle[sdk=iphoneos*]" = UIStatusBarStyleDefault;
				"INFOPLIST_KEY_UIStatusBarStyle[sdk=iphonesimulator*]" = UIStatusBarStyleDefault;
				INFOPLIST_KEY_UISupportedInterfaceOrientations_iPad = "UIInterfaceOrientationPortrait UIInterfaceOrientationPortraitUpsideDown UIInterfaceOrientationLandscapeLeft UIInterfaceOrientationLandscapeRight";
				INFOPLIST_KEY_UISupportedInterfaceOrientations_iPhone = "UIInterfaceOrientationPortrait UIInterfaceOrientationLandscapeLeft UIInterfaceOrientationLandscapeRight";
				IPHONEOS_DEPLOYMENT_TARGET = 16.4;
				LD_RUNPATH_SEARCH_PATHS = "@executable_path/Frameworks";
				"LD_RUNPATH_SEARCH_PATHS[sdk=macosx*]" = "@executable_path/../Frameworks";
				MACOSX_DEPLOYMENT_TARGET = 13.3;
				MARKETING_VERSION = 1.0;
				PRODUCT_BUNDLE_IDENTIFIER = kulakdev.Posts;
				PRODUCT_NAME = "$(TARGET_NAME)";
				SDKROOT = auto;
				SUPPORTED_PLATFORMS = "iphoneos iphonesimulator macosx";
				SWIFT_EMIT_LOC_STRINGS = YES;
				SWIFT_VERSION = 5.0;
				TARGETED_DEVICE_FAMILY = "1,2";
			};
			name = Release;
		};
/* End XCBuildConfiguration section */

/* Begin XCConfigurationList section */
		AF70E88B2AB1C6830066F8DC /* Build configuration list for PBXProject "Posts" */ = {
			isa = XCConfigurationList;
			buildConfigurations = (
				AF70E89D2AB1C6840066F8DC /* Debug */,
				AF70E89E2AB1C6840066F8DC /* Release */,
			);
			defaultConfigurationIsVisible = 0;
			defaultConfigurationName = Release;
		};
		AF70E89F2AB1C6840066F8DC /* Build configuration list for PBXNativeTarget "Posts" */ = {
			isa = XCConfigurationList;
			buildConfigurations = (
				AF70E8A02AB1C6840066F8DC /* Debug */,
				AF70E8A12AB1C6840066F8DC /* Release */,
			);
			defaultConfigurationIsVisible = 0;
			defaultConfigurationName = Release;
		};
/* End XCConfigurationList section */

/* Begin XCRemoteSwiftPackageReference section */
		AF70E8AB2AB2DEA00066F8DC /* XCRemoteSwiftPackageReference "firebase-ios-sdk" */ = {
			isa = XCRemoteSwiftPackageReference;
			repositoryURL = "https://github.com/firebase/firebase-ios-sdk";
			requirement = {
				kind = upToNextMajorVersion;
				minimumVersion = 10.0.0;
			};
		};
		AFA0A5152ABD8686005FD026 /* XCRemoteSwiftPackageReference "Kingfisher" */ = {
			isa = XCRemoteSwiftPackageReference;
			repositoryURL = "https://github.com/onevcat/Kingfisher.git";
			requirement = {
				kind = upToNextMajorVersion;
				minimumVersion = 7.0.0;
			};
		};
		AFFFE6CF2AB2FEEA00B4AB43 /* XCRemoteSwiftPackageReference "Resolver" */ = {
			isa = XCRemoteSwiftPackageReference;
			repositoryURL = "https://github.com/hmlongco/Resolver.git";
			requirement = {
				kind = upToNextMajorVersion;
				minimumVersion = 1.0.0;
			};
		};
/* End XCRemoteSwiftPackageReference section */

/* Begin XCSwiftPackageProductDependency section */
		AF70E8AC2AB2DEA00066F8DC /* FirebaseAnalytics */ = {
			isa = XCSwiftPackageProductDependency;
			package = AF70E8AB2AB2DEA00066F8DC /* XCRemoteSwiftPackageReference "firebase-ios-sdk" */;
			productName = FirebaseAnalytics;
		};
		AF70E8AE2AB2DEA00066F8DC /* FirebaseAnalyticsSwift */ = {
			isa = XCSwiftPackageProductDependency;
			package = AF70E8AB2AB2DEA00066F8DC /* XCRemoteSwiftPackageReference "firebase-ios-sdk" */;
			productName = FirebaseAnalyticsSwift;
		};
		AF70E8B02AB2DEA00066F8DC /* FirebaseAuth */ = {
			isa = XCSwiftPackageProductDependency;
			package = AF70E8AB2AB2DEA00066F8DC /* XCRemoteSwiftPackageReference "firebase-ios-sdk" */;
			productName = FirebaseAuth;
		};
		AF70E8B22AB2DEA00066F8DC /* FirebaseDatabase */ = {
			isa = XCSwiftPackageProductDependency;
			package = AF70E8AB2AB2DEA00066F8DC /* XCRemoteSwiftPackageReference "firebase-ios-sdk" */;
			productName = FirebaseDatabase;
		};
		AF70E8B42AB2DEA00066F8DC /* FirebaseDatabaseSwift */ = {
			isa = XCSwiftPackageProductDependency;
			package = AF70E8AB2AB2DEA00066F8DC /* XCRemoteSwiftPackageReference "firebase-ios-sdk" */;
			productName = FirebaseDatabaseSwift;
		};
		AFA0A5162ABD8686005FD026 /* Kingfisher */ = {
			isa = XCSwiftPackageProductDependency;
			package = AFA0A5152ABD8686005FD026 /* XCRemoteSwiftPackageReference "Kingfisher" */;
			productName = Kingfisher;
		};
		AFA0A51A2ABD986A005FD026 /* FirebaseStorage */ = {
			isa = XCSwiftPackageProductDependency;
			package = AF70E8AB2AB2DEA00066F8DC /* XCRemoteSwiftPackageReference "firebase-ios-sdk" */;
			productName = FirebaseStorage;
		};
		AFFFE6D02AB2FEEA00B4AB43 /* Resolver */ = {
			isa = XCSwiftPackageProductDependency;
			package = AFFFE6CF2AB2FEEA00B4AB43 /* XCRemoteSwiftPackageReference "Resolver" */;
			productName = Resolver;
		};
/* End XCSwiftPackageProductDependency section */
	};
	rootObject = AF70E8882AB1C6830066F8DC /* Project object */;
}
